{
    "_meta": {
        "hash": {
            "sha256": "bd132adfd6333fdd9b0a6000527b4f7803e04d9e6f50ac814f942c427fff470a"
        },
        "pipfile-spec": 6,
        "requires": {
            "python_full_version": "3.10.2",
            "python_version": "3.10"
        },
        "sources": [
            {
                "name": "pypi",
                "url": "https://pypi.org/simple",
                "verify_ssl": true
            }
        ]
    },
    "default": {
        "coloredlogs": {
            "hashes": [
                "sha256:612ee75c546f53e92e70049c9dbfcc18c935a2b9a53b66085ce9ef6a6e5c0934",
                "sha256:7c991aa71a4577af2f82600d8f8f3a89f936baeaf9b50a9c197da014e5bf16b0"
            ],
            "markers": "python_version >= '2.7' and python_version not in '3.0, 3.1, 3.2, 3.3, 3.4'",
            "version": "==15.0.1"
        },
        "flatbuffers": {
            "hashes": [
                "sha256:9ea1144cac05ce5d86e2859f431c6cd5e66cd9c78c558317c7955fb8d4c78d89",
                "sha256:c0ff356da363087b915fde4b8b45bdda73432fc17cddb3c8157472eab1422ad1"
            ],
            "version": "==23.5.26"
        },
        "humanfriendly": {
            "hashes": [
                "sha256:1697e1a8a8f550fd43c2865cd84542fc175a61dcb779b6fee18cf6b6ccba1477",
                "sha256:6b0b831ce8f15f7300721aa49829fc4e83921a9a301cc7f606be6686a2288ddc"
            ],
            "markers": "python_version >= '2.7' and python_version not in '3.0, 3.1, 3.2, 3.3, 3.4'",
            "version": "==10.0"
        },
        "mpmath": {
            "hashes": [
                "sha256:7a28eb2a9774d00c7bc92411c19a89209d5da7c4c9a9e227be8330a23a25b91f",
                "sha256:a0b2b9fe80bbcd81a6647ff13108738cfb482d481d826cc0e02f5b35e5c88d2c"
            ],
            "version": "==1.3.0"
        },
        "numpy": {
            "hashes": [
                "sha256:06fa1ed84aa60ea6ef9f91ba57b5ed963c3729534e6e54055fc151fad0423f0a",
                "sha256:174a8880739c16c925799c018f3f55b8130c1f7c8e75ab0a6fa9d41cab092fd6",
                "sha256:1a13860fdcd95de7cf58bd6f8bc5a5ef81c0b0625eb2c9a783948847abbef2c2",
                "sha256:1cc3d5029a30fb5f06704ad6b23b35e11309491c999838c31f124fee32107c79",
                "sha256:22f8fc02fdbc829e7a8c578dd8d2e15a9074b630d4da29cda483337e300e3ee9",
                "sha256:26c9d33f8e8b846d5a65dd068c14e04018d05533b348d9eaeef6c1bd787f9919",
                "sha256:2b3fca8a5b00184828d12b073af4d0fc5fdd94b1632c2477526f6bd7842d700d",
                "sha256:2beef57fb031dcc0dc8fa4fe297a742027b954949cabb52a2a376c144e5e6060",
                "sha256:36340109af8da8805d8851ef1d74761b3b88e81a9bd80b290bbfed61bd2b4f75",
                "sha256:3703fc9258a4a122d17043e57b35e5ef1c5a5837c3db8be396c82e04c1cf9b0f",
                "sha256:3ced40d4e9e18242f70dd02d739e44698df3dcb010d31f495ff00a31ef6014fe",
                "sha256:4a06263321dfd3598cacb252f51e521a8cb4b6df471bb12a7ee5cbab20ea9167",
                "sha256:4eb8df4bf8d3d90d091e0146f6c28492b0be84da3e409ebef54349f71ed271ef",
                "sha256:5d5244aabd6ed7f312268b9247be47343a654ebea52a60f002dc70c769048e75",
                "sha256:64308ebc366a8ed63fd0bf426b6a9468060962f1a4339ab1074c228fa6ade8e3",
                "sha256:6a3cdb4d9c70e6b8c0814239ead47da00934666f668426fc6e94cce869e13fd7",
                "sha256:854ab91a2906ef29dc3925a064fcd365c7b4da743f84b123002f6139bcb3f8a7",
                "sha256:94cc3c222bb9fb5a12e334d0479b97bb2df446fbe622b470928f5284ffca3f8d",
                "sha256:96ca5482c3dbdd051bcd1fce8034603d6ebfc125a7bd59f55b40d8f5d246832b",
                "sha256:a2bbc29fcb1771cd7b7425f98b05307776a6baf43035d3b80c4b0f29e9545186",
                "sha256:a4cd6ed4a339c21f1d1b0fdf13426cb3b284555c27ac2f156dfdaaa7e16bfab0",
                "sha256:aa18428111fb9a591d7a9cc1b48150097ba6a7e8299fb56bdf574df650e7d1f1",
                "sha256:aa317b2325f7aa0a9471663e6093c210cb2ae9c0ad824732b307d2c51983d5b6",
                "sha256:b04f5dc6b3efdaab541f7857351aac359e6ae3c126e2edb376929bd3b7f92d7e",
                "sha256:b272d4cecc32c9e19911891446b72e986157e6a1809b7b56518b4f3755267523",
                "sha256:b361d369fc7e5e1714cf827b731ca32bff8d411212fccd29ad98ad622449cc36",
                "sha256:b96e7b9c624ef3ae2ae0e04fa9b460f6b9f17ad8b4bec6d7756510f1f6c0c841",
                "sha256:baf8aab04a2c0e859da118f0b38617e5ee65d75b83795055fb66c0d5e9e9b818",
                "sha256:bcc008217145b3d77abd3e4d5ef586e3bdfba8fe17940769f8aa09b99e856c00",
                "sha256:bd3f0091e845164a20bd5a326860c840fe2af79fa12e0469a12768a3ec578d80",
                "sha256:cc392fdcbd21d4be6ae1bb4475a03ce3b025cd49a9be5345d76d7585aea69440",
                "sha256:d73a3abcac238250091b11caef9ad12413dab01669511779bc9b29261dd50210",
                "sha256:f43740ab089277d403aa07567be138fc2a89d4d9892d113b76153e0e412409f8",
                "sha256:f65738447676ab5777f11e6bbbdb8ce11b785e105f690bc45966574816b6d3ea",
                "sha256:f79b231bf5c16b1f39c7f4875e1ded36abee1591e98742b05d8a0fb55d8a3eec",
                "sha256:fe6b44fb8fcdf7eda4ef4461b97b3f63c466b27ab151bec2366db8b197387841"
            ],
            "markers": "python_version >= '3.9'",
            "version": "==1.26.2"
        },
        "onnx": {
            "hashes": [
                "sha256:0aee26b6f7f7da7e840de75ad9195a77a147d0662c94eaa6483be13ba468ffc1",
                "sha256:17dcfb86a8c6bdc3971443c29b023dd9c90ff1d15d8baecee0747a6b7f74e650",
                "sha256:1fdf8a3ff75abc2b32c83bf27fb7c18d6b976c9c537263fadd82b9560fe186fa",
                "sha256:233ffdb5ca8cc2d960b10965a763910c0830b64b450376da59207f454701f343",
                "sha256:2bf2de9bef64792e5b8080c678023ac7d2b9e05d79a3e17e92cf6a4a624831d2",
                "sha256:3f472bbe5cb670a0a4a4db08f41fde69b187a009d0cb628f964840d3f83524e9",
                "sha256:49cebebd0020a4b12c1dd0909d426631212ef28606d7e4d49463d36abe7639ad",
                "sha256:51cacb6aafba308aaf462252ced562111f6991cdc7bc57a6c554c3519453a8ff",
                "sha256:51fa79c9ea9af033638ec51f9177b8e76c55fad65bb83ea96ee88fafade18ee7",
                "sha256:60a3e28747e305cd2e766e6a53a0a6d952cf9e72005ec6023ce5e07666676a4e",
                "sha256:6b5c798d9e0907eaf319e3d3e7c89a2ed9a854bcb83da5fefb6d4c12d5e90721",
                "sha256:763e55c26e8de3a2dce008d55ae81b27fa8fb4acbb01a29b9f3c01f200c4d676",
                "sha256:95d7a3e2d79d371e272e39ae3f7547e0b116d0c7f774a4004e97febe6c93507f",
                "sha256:96ed899fe6000edc05bb2828863d3841cfddd5a7cf04c1a771f112e94de75d9f",
                "sha256:9a9cfbb5e5d5d88f89d0dfc9df5fb858899db874e1d5ed21e76c481f3cafc90d",
                "sha256:a4f774ff50092fe19bd8f46b2c9b27b1d30fbd700c22abde48a478142d464322",
                "sha256:b18461a7d38f286618ca2a6e78062a2a9c634ce498e631e708a8041b00094825",
                "sha256:b2b0e7f3938f2d994c34616bfb8b4b1cebbc4a0398483344fe5e9f2fe95175e6",
                "sha256:b2d5e802837629fc9c86f19448d19dd04d206578328bce202aeb3d4bedab43c4",
                "sha256:baf6ef6c93b3b843edb97a8d5b3d229a1301984f3f8dee859c29634d2083e6f9",
                "sha256:ca4ebc4f47109bfb12c8c9e83dd99ec5c9f07d2e5f05976356c6ccdce3552010",
                "sha256:d8a7c94d2ebead8f739fdb70d1ce5a71726f4e17b3e5b8ad64455ea1b2801a85",
                "sha256:ef4d9eb44b111e69e4534f3233fc2c13d1e26920d24ae4359d513bd54694bc6d",
                "sha256:f1ad3d77fc2f4b4296f0ac2c8cadd8c1dcf765fc586b737462d3a0fe8f7c696a",
                "sha256:f277d4861729f5253a51fa41ce91bfec1c4574ee41b5637056b43500917295ce"
            ],
            "index": "pypi",
            "markers": "python_version >= '3.8'",
            "version": "==1.15.0"
        },
        "onnxruntime": {
            "hashes": [
                "sha256:00cccc37a5195c8fca5011b9690b349db435986bd508eb44c9fce432da9228a4",
                "sha256:04ebcd29c20473596a1412e471524b2fb88d55e6301c40b98dd2407b5911595f",
                "sha256:212741b519ee61a4822c79c47147d63a8b0ffde25cd33988d3d7be9fbd51005d",
                "sha256:28ff758b17ce3ca6bcad3d936ec53bd7f5482e7630a13f6dcae518eba8f71d85",
                "sha256:3bc41f323ac77acfed190be8ffdc47a6a75e4beeb3473fbf55eeb075ccca8df2",
                "sha256:3c467eaa3d2429c026b10c3d17b78b7f311f718ef9d2a0d6938e5c3c2611b0cf",
                "sha256:3e253e572021563226a86f1c024f8f70cdae28f2fb1cc8c3a9221e8b1ce37db5",
                "sha256:4137e5d443e2dccebe5e156a47f1d6d66f8077b03587c35f11ee0c7eda98b533",
                "sha256:4c2dcf1b70f8434abb1116fe0975c00e740722aaf321997195ea3618cc00558e",
                "sha256:5b8f5083f903408238883821dd8c775f8120cb4a604166dbdabe97f4715256d5",
                "sha256:5f91f5497fe3df4ceee2f9e66c6148d9bfeb320cd6a71df361c66c5b8bac985a",
                "sha256:6829dc2a79d48c911fedaf4c0f01e03c86297d32718a3fdee7a282766dfd282a",
                "sha256:76f876c53bfa912c6c242fc38213a6f13f47612d4360bc9d599bd23753e53161",
                "sha256:78d81d9af457a1dc90db9a7da0d09f3ccb1288ea1236c6ab19f0ca61f3eee2d3",
                "sha256:985a029798744ce4743fcf8442240fed35c8e4d4d30ec7d0c2cdf1388cd44408",
                "sha256:9996bab0f202a6435ab867bc55598f15210d0b72794d5de83712b53d564084ae",
                "sha256:9aded21fe3d898edd86be8aa2eb995aa375e800ad3dfe4be9f618a20b8ee3630",
                "sha256:a225bb683991001d111f75323d355b3590e75e16b5e0f07a0401e741a0143ea1",
                "sha256:a82a8f0b4c978d08f9f5c7a6019ae51151bced9fd91e5aaa0c20a9e4ac7a60b6",
                "sha256:c56695c1a343c7c008b647fff3df44da63741fbe7b6003ef576758640719be7b",
                "sha256:d4a0151e1accd04da6711f6fd89024509602f82c65a754498e960b032359b02d",
                "sha256:e8aa5bba78afbd4d8a2654b14ec7462ff3ce4a6aad312a3c2d2c2b65009f2541",
                "sha256:ef2b1fc269cabd27f129fb9058917d6fdc89b188c49ed8700f300b945c81f889",
                "sha256:f36b56a593b49a3c430be008c2aea6658d91a3030115729609ec1d5ffbaab1b6"
            ],
            "index": "pypi",
            "version": "==1.16.3"
        },
        "packaging": {
            "hashes": [
                "sha256:048fb0e9405036518eaaf48a55953c750c11e1a1b68e0dd1a9d62ed0c092cfc5",
                "sha256:8c491190033a9af7e1d931d0b5dacc2ef47509b34dd0de67ed209b5203fc88c7"
            ],
            "markers": "python_version >= '3.7'",
            "version": "==23.2"
        },
        "protobuf": {
            "hashes": [
                "sha256:0bf384e75b92c42830c0a679b0cd4d6e2b36ae0cf3dbb1e1dfdda48a244f4bcd",
                "sha256:0f881b589ff449bf0b931a711926e9ddaad3b35089cc039ce1af50b21a4ae8cb",
                "sha256:1484f9e692091450e7edf418c939e15bfc8fc68856e36ce399aed6889dae8bb0",
                "sha256:193f50a6ab78a970c9b4f148e7c750cfde64f59815e86f686c22e26b4fe01ce7",
                "sha256:3497c1af9f2526962f09329fd61a36566305e6c72da2590ae0d7d1322818843b",
                "sha256:57d65074b4f5baa4ab5da1605c02be90ac20c8b40fb137d6a8df9f416b0d0ce2",
                "sha256:8bdbeaddaac52d15c6dce38c71b03038ef7772b977847eb6d374fc86636fa510",
                "sha256:a19731d5e83ae4737bb2a089605e636077ac001d18781b3cf489b9546c7c80d6",
                "sha256:abc0525ae2689a8000837729eef7883b9391cd6aa7950249dcf5a4ede230d5dd",
                "sha256:becc576b7e6b553d22cbdf418686ee4daa443d7217999125c045ad56322dda10",
                "sha256:ca37bf6a6d0046272c152eea90d2e4ef34593aaa32e8873fc14c16440f22d4b7"
            ],
            "markers": "python_version >= '3.8'",
            "version": "==4.25.1"
        },
        "sympy": {
            "hashes": [
                "sha256:c3588cd4295d0c0f603d0f2ae780587e64e2efeedb3521e46b9bb1d08d184fa5",
                "sha256:ebf595c8dac3e0fdc4152c51878b498396ec7f30e7a914d6071e674d49420fb8"
            ],
            "markers": "python_version >= '3.8'",
            "version": "==1.12"
        }
    },
    "develop": {}
}
